
Microsoft Visual Studio Solution File, Format Version 12.00
# Visual Studio Version 17
VisualStudioVersion = 17.3.32825.248
MinimumVisualStudioVersion = 10.0.40219.1
Project("{8BC9CEB8-8B4A-11D0-8D11-00A0C91BC942}") = "Lab_1", "Lab_1\Lab_1.vcxproj", "{A7079270-4E4A-4C36-96F2-5DEE3D76FED1}"
EndProject
Project("{8BC9CEB8-8B4A-11D0-8D11-00A0C91BC942}") = "Lab_2", "Lab_2\Lab_2.vcxproj", "{FBA9898C-C61B-42DC-B524-609AA7B58DB7}"
EndProject
Project("{8BC9CEB8-8B4A-11D0-8D11-00A0C91BC942}") = "Lab_4", "Lab_4\Lab_4.vcxproj", "{EA403E81-E997-48DB-A73A-0EDB7DB327F6}"
EndProject
Project("{8BC9CEB8-8B4A-11D0-8D11-00A0C91BC942}") = "Lab_5", "Lab_5\Lab_5.vcxproj", "{607F789B-D541-485A-AD7A-B0CD61250CA8}"
EndProject
Project("{8BC9CEB8-8B4A-11D0-8D11-00A0C91BC942}") = "Lab_6", "Lab_6\Lab_6.vcxproj", "{AAC3547B-A398-4413-B3FD-6E291A1F49B2}"
EndProject
Project("{8BC9CEB8-8B4A-11D0-8D11-00A0C91BC942}") = "Lab_8", "Lab_8\Lab_8.vcxproj", "{89A4EA47-C7F4-47BD-908C-033C2E746C6E}"
EndProject
Project("{8BC9CEB8-8B4A-11D0-8D11-00A0C91BC942}") = "Test", "Test\Test.vcxproj", "{94F46D65-12D6-4403-8103-E9EB914BC592}"
EndProject
Global
	GlobalSection(SolutionConfigurationPlatforms) = preSolution
		Debug|x64 = Debug|x64
		Debug|x86 = Debug|x86
		Release|x64 = Release|x64
		Release|x86 = Release|x86
	EndGlobalSection
	GlobalSection(ProjectConfigurationPlatforms) = postSolution
		{A7079270-4E4A-4C36-96F2-5DEE3D76FED1}.Debug|x64.ActiveCfg = Debug|x64
		{A7079270-4E4A-4C36-96F2-5DEE3D76FED1}.Debug|x64.Build.0 = Debug|x64
		{A7079270-4E4A-4C36-96F2-5DEE3D76FED1}.Debug|x86.ActiveCfg = Debug|Win32
		{A7079270-4E4A-4C36-96F2-5DEE3D76FED1}.Debug|x86.Build.0 = Debug|Win32
		{A7079270-4E4A-4C36-96F2-5DEE3D76FED1}.Release|x64.ActiveCfg = Release|x64
		{A7079270-4E4A-4C36-96F2-5DEE3D76FED1}.Release|x64.Build.0 = Release|x64
		{A7079270-4E4A-4C36-96F2-5DEE3D76FED1}.Release|x86.ActiveCfg = Release|Win32
		{A7079270-4E4A-4C36-96F2-5DEE3D76FED1}.Release|x86.Build.0 = Release|Win32
		{FBA9898C-C61B-42DC-B524-609AA7B58DB7}.Debug|x64.ActiveCfg = Debug|x64
		{FBA9898C-C61B-42DC-B524-609AA7B58DB7}.Debug|x64.Build.0 = Debug|x64
		{FBA9898C-C61B-42DC-B524-609AA7B58DB7}.Debug|x86.ActiveCfg = Debug|Win32
		{FBA9898C-C61B-42DC-B524-609AA7B58DB7}.Debug|x86.Build.0 = Debug|Win32
		{FBA9898C-C61B-42DC-B524-609AA7B58DB7}.Release|x64.ActiveCfg = Release|x64
		{FBA9898C-C61B-42DC-B524-609AA7B58DB7}.Release|x64.Build.0 = Release|x64
		{FBA9898C-C61B-42DC-B524-609AA7B58DB7}.Release|x86.ActiveCfg = Release|Win32
		{FBA9898C-C61B-42DC-B524-609AA7B58DB7}.Release|x86.Build.0 = Release|Win32
		{EA403E81-E997-48DB-A73A-0EDB7DB327F6}.Debug|x64.ActiveCfg = Debug|x64
		{EA403E81-E997-48DB-A73A-0EDB7DB327F6}.Debug|x64.Build.0 = Debug|x64
		{EA403E81-E997-48DB-A73A-0EDB7DB327F6}.Debug|x86.ActiveCfg = Debug|Win32
		{EA403E81-E997-48DB-A73A-0EDB7DB327F6}.Debug|x86.Build.0 = Debug|Win32
		{EA403E81-E997-48DB-A73A-0EDB7DB327F6}.Release|x64.ActiveCfg = Release|x64
		{EA403E81-E997-48DB-A73A-0EDB7DB327F6}.Release|x64.Build.0 = Release|x64
		{EA403E81-E997-48DB-A73A-0EDB7DB327F6}.Release|x86.ActiveCfg = Release|Win32
		{EA403E81-E997-48DB-A73A-0EDB7DB327F6}.Release|x86.Build.0 = Release|Win32
		{607F789B-D541-485A-AD7A-B0CD61250CA8}.Debug|x64.ActiveCfg = Debug|x64
		{607F789B-D541-485A-AD7A-B0CD61250CA8}.Debug|x64.Build.0 = Debug|x64
		{607F789B-D541-485A-AD7A-B0CD61250CA8}.Debug|x86.ActiveCfg = Debug|Win32
		{607F789B-D541-485A-AD7A-B0CD61250CA8}.Debug|x86.Build.0 = Debug|Win32
		{607F789B-D541-485A-AD7A-B0CD61250CA8}.Release|x64.ActiveCfg = Release|x64
		{607F789B-D541-485A-AD7A-B0CD61250CA8}.Release|x64.Build.0 = Release|x64
		{607F789B-D541-485A-AD7A-B0CD61250CA8}.Release|x86.ActiveCfg = Release|Win32
		{607F789B-D541-485A-AD7A-B0CD61250CA8}.Release|x86.Build.0 = Release|Win32
		{AAC3547B-A398-4413-B3FD-6E291A1F49B2}.Debug|x64.ActiveCfg = Debug|x64
		{AAC3547B-A398-4413-B3FD-6E291A1F49B2}.Debug|x64.Build.0 = Debug|x64
		{AAC3547B-A398-4413-B3FD-6E291A1F49B2}.Debug|x86.ActiveCfg = Debug|Win32
		{AAC3547B-A398-4413-B3FD-6E291A1F49B2}.Debug|x86.Build.0 = Debug|Win32
		{AAC3547B-A398-4413-B3FD-6E291A1F49B2}.Release|x64.ActiveCfg = Release|x64
		{AAC3547B-A398-4413-B3FD-6E291A1F49B2}.Release|x64.Build.0 = Release|x64
		{AAC3547B-A398-4413-B3FD-6E291A1F49B2}.Release|x86.ActiveCfg = Release|Win32
		{AAC3547B-A398-4413-B3FD-6E291A1F49B2}.Release|x86.Build.0 = Release|Win32
		{89A4EA47-C7F4-47BD-908C-033C2E746C6E}.Debug|x64.ActiveCfg = Debug|x64
		{89A4EA47-C7F4-47BD-908C-033C2E746C6E}.Debug|x64.Build.0 = Debug|x64
		{89A4EA47-C7F4-47BD-908C-033C2E746C6E}.Debug|x86.ActiveCfg = Debug|Win32
		{89A4EA47-C7F4-47BD-908C-033C2E746C6E}.Debug|x86.Build.0 = Debug|Win32
		{89A4EA47-C7F4-47BD-908C-033C2E746C6E}.Release|x64.ActiveCfg = Release|x64
		{89A4EA47-C7F4-47BD-908C-033C2E746C6E}.Release|x64.Build.0 = Release|x64
		{89A4EA47-C7F4-47BD-908C-033C2E746C6E}.Release|x86.ActiveCfg = Release|Win32
		{89A4EA47-C7F4-47BD-908C-033C2E746C6E}.Release|x86.Build.0 = Release|Win32
		{94F46D65-12D6-4403-8103-E9EB914BC592}.Debug|x64.ActiveCfg = Debug|x64
		{94F46D65-12D6-4403-8103-E9EB914BC592}.Debug|x64.Build.0 = Debug|x64
		{94F46D65-12D6-4403-8103-E9EB914BC592}.Debug|x86.ActiveCfg = Debug|Win32
		{94F46D65-12D6-4403-8103-E9EB914BC592}.Debug|x86.Build.0 = Debug|Win32
		{94F46D65-12D6-4403-8103-E9EB914BC592}.Release|x64.ActiveCfg = Release|x64
		{94F46D65-12D6-4403-8103-E9EB914BC592}.Release|x64.Build.0 = Release|x64
		{94F46D65-12D6-4403-8103-E9EB914BC592}.Release|x86.ActiveCfg = Release|Win32
		{94F46D65-12D6-4403-8103-E9EB914BC592}.Release|x86.Build.0 = Release|Win32
	EndGlobalSection
	GlobalSection(SolutionProperties) = preSolution
		HideSolutionNode = FALSE
	EndGlobalSection
	GlobalSection(ExtensibilityGlobals) = postSolution
		SolutionGuid = {17795E68-A308-49FE-8FAB-EA407F3E059C}
	EndGlobalSection
EndGlobal
